
Microsoft Visual Studio Solution File, Format Version 12.00
# Visual Studio Version 17
VisualStudioVersion = 17.11.35222.181
MinimumVisualStudioVersion = 10.0.40219.1
Project("{9A19103F-16F7-4668-BE54-9A1E7A4F7556}") = "PacketGenerator", "PacketGenerator\PacketGenerator.csproj", "{59581F5A-3565-4E84-AE2E-B745636DAE27}"
EndProject
Project("{9A19103F-16F7-4668-BE54-9A1E7A4F7556}") = "PacketDefinitions", "PacketDefinitions\PacketDefinitions.csproj", "{7C1BC7BD-D66B-42DE-BE88-91A4A57EB239}"
EndProject
Global
	GlobalSection(SolutionConfigurationPlatforms) = preSolution
		Debug|Any CPU = Debug|Any CPU
		Release|Any CPU = Release|Any CPU
	EndGlobalSection
	GlobalSection(ProjectConfigurationPlatforms) = postSolution
		{59581F5A-3565-4E84-AE2E-B745636DAE27}.Debug|Any CPU.ActiveCfg = Debug|Any CPU
		{59581F5A-3565-4E84-AE2E-B745636DAE27}.Debug|Any CPU.Build.0 = Debug|Any CPU
		{59581F5A-3565-4E84-AE2E-B745636DAE27}.Release|Any CPU.ActiveCfg = Release|Any CPU
		{59581F5A-3565-4E84-AE2E-B745636DAE27}.Release|Any CPU.Build.0 = Release|Any CPU
		{7C1BC7BD-D66B-42DE-BE88-91A4A57EB239}.Debug|Any CPU.ActiveCfg = Release|Any CPU
		{7C1BC7BD-D66B-42DE-BE88-91A4A57EB239}.Debug|Any CPU.Build.0 = Release|Any CPU
		{7C1BC7BD-D66B-42DE-BE88-91A4A57EB239}.Release|Any CPU.ActiveCfg = Release|Any CPU
		{7C1BC7BD-D66B-42DE-BE88-91A4A57EB239}.Release|Any CPU.Build.0 = Release|Any CPU
	EndGlobalSection
	GlobalSection(SolutionProperties) = preSolution
		HideSolutionNode = FALSE
	EndGlobalSection
	GlobalSection(ExtensibilityGlobals) = postSolution
		SolutionGuid = {C3A28082-C506-4D28-B4F3-86227FF46D08}
	EndGlobalSection
EndGlobal
